
Microsoft Visual Studio Solution File, Format Version 12.00
# Visual Studio 15
VisualStudioVersion = 15.0.28307.645
MinimumVisualStudioVersion = 10.0.40219.1
Project("{9A19103F-16F7-4668-BE54-9A1E7A4F7556}") = "CrmSystem.Server", "CrmSystem.Server\CrmSystem.Server.csproj", "{CEF90B05-BE49-4FDE-9A00-2B4404464BF5}"
EndProject
Project("{9A19103F-16F7-4668-BE54-9A1E7A4F7556}") = "CrmSystem.DAL", "CrmSystem.DAL\CrmSystem.DAL.csproj", "{90B10DC8-8BB4-4210-9BF4-9E9DAA1E25E3}"
EndProject
Global
	GlobalSection(SolutionConfigurationPlatforms) = preSolution
		Debug|Any CPU = Debug|Any CPU
		Release|Any CPU = Release|Any CPU
	EndGlobalSection
	GlobalSection(ProjectConfigurationPlatforms) = postSolution
		{CEF90B05-BE49-4FDE-9A00-2B4404464BF5}.Debug|Any CPU.ActiveCfg = Debug|Any CPU
		{CEF90B05-BE49-4FDE-9A00-2B4404464BF5}.Debug|Any CPU.Build.0 = Debug|Any CPU
		{CEF90B05-BE49-4FDE-9A00-2B4404464BF5}.Release|Any CPU.ActiveCfg = Release|Any CPU
		{CEF90B05-BE49-4FDE-9A00-2B4404464BF5}.Release|Any CPU.Build.0 = Release|Any CPU
		{90B10DC8-8BB4-4210-9BF4-9E9DAA1E25E3}.Debug|Any CPU.ActiveCfg = Debug|Any CPU
		{90B10DC8-8BB4-4210-9BF4-9E9DAA1E25E3}.Debug|Any CPU.Build.0 = Debug|Any CPU
		{90B10DC8-8BB4-4210-9BF4-9E9DAA1E25E3}.Release|Any CPU.ActiveCfg = Release|Any CPU
		{90B10DC8-8BB4-4210-9BF4-9E9DAA1E25E3}.Release|Any CPU.Build.0 = Release|Any CPU
	EndGlobalSection
	GlobalSection(SolutionProperties) = preSolution
		HideSolutionNode = FALSE
	EndGlobalSection
	GlobalSection(ExtensibilityGlobals) = postSolution
		SolutionGuid = {E09E3383-55B3-457D-8B00-99BFBC6B3DF3}
	EndGlobalSection
EndGlobal
